
Microsoft Visual Studio Solution File, Format Version 12.00
# Visual Studio Version 16
VisualStudioVersion = 16.0.29123.88
MinimumVisualStudioVersion = 10.0.40219.1
Project("{9A19103F-16F7-4668-BE54-9A1E7A4F7556}") = "WebAPI", "WebAPI\WebAPI.csproj", "{683EDFAC-A607-4C91-80FE-3710F2CDC55C}"
EndProject
Project("{9A19103F-16F7-4668-BE54-9A1E7A4F7556}") = "XUnitTestProject1", "XUnitTestProject1\XUnitTestProject1.csproj", "{3DAD4D07-AC57-4C0C-B6EE-34A800C806A4}"
EndProject
Global
	GlobalSection(SolutionConfigurationPlatforms) = preSolution
		Debug|Any CPU = Debug|Any CPU
		Release|Any CPU = Release|Any CPU
	EndGlobalSection
	GlobalSection(ProjectConfigurationPlatforms) = postSolution
		{683EDFAC-A607-4C91-80FE-3710F2CDC55C}.Debug|Any CPU.ActiveCfg = Debug|Any CPU
		{683EDFAC-A607-4C91-80FE-3710F2CDC55C}.Debug|Any CPU.Build.0 = Debug|Any CPU
		{683EDFAC-A607-4C91-80FE-3710F2CDC55C}.Release|Any CPU.ActiveCfg = Release|Any CPU
		{683EDFAC-A607-4C91-80FE-3710F2CDC55C}.Release|Any CPU.Build.0 = Release|Any CPU
		{3DAD4D07-AC57-4C0C-B6EE-34A800C806A4}.Debug|Any CPU.ActiveCfg = Debug|Any CPU
		{3DAD4D07-AC57-4C0C-B6EE-34A800C806A4}.Debug|Any CPU.Build.0 = Debug|Any CPU
		{3DAD4D07-AC57-4C0C-B6EE-34A800C806A4}.Release|Any CPU.ActiveCfg = Release|Any CPU
		{3DAD4D07-AC57-4C0C-B6EE-34A800C806A4}.Release|Any CPU.Build.0 = Release|Any CPU
	EndGlobalSection
	GlobalSection(SolutionProperties) = preSolution
		HideSolutionNode = FALSE
	EndGlobalSection
	GlobalSection(ExtensibilityGlobals) = postSolution
		SolutionGuid = {97CF1A94-BFBB-4531-9DC3-9575EB77BAD9}
	EndGlobalSection
EndGlobal
